github.com/msw-x/moon v0.2.62 h1:j7zG9TRmqn/OGnZcT8hs7V96TZVv06Hw6B49k550MPg=
github.com/msw-x/moon v0.2.62/go.mod h1:1QOMz9QSEJf6zmBHLeSfafSnzU+JJV6JTgbM6pGdVTk=
github.com/msw-x/moon v0.2.67 h1:f6QiIriTM2UQbEu8+FEEVtqjNI+Kcx08njqNIeNEJo8=
github.com/msw-x/moon v0.2.67/go.mod h1:1QOMz9QSEJf6zmBHLeSfafSnzU+JJV6JTgbM6pGdVTk=
golang.org/x/exp v0.0.0-20221126150942-6ab00d035af9 h1:yZNXmy+j/JpX19vZkVktWqAo7Gny4PBWYYK3zskGpx4=
golang.org/x/exp v0.0.0-20221126150942-6ab00d035af9/go.mod h1:CxIveKay+FTh1D0yPZemJVgC/95VzuuOLq5Qi4xnoYc=
